
Microsoft Visual Studio Solution File, Format Version 12.00
# Visual Studio Version 17
VisualStudioVersion = 17.11.35312.102
MinimumVisualStudioVersion = 10.0.40219.1
Project("{F184B08F-C81C-45F6-A57F-5ABD9991F28F}") = "exampleByRefByVal", "exampleByRefByVal\exampleByRefByVal.vbproj", "{1BF411B2-8912-4DFC-8E01-802A6E16A942}"
EndProject
Global
	GlobalSection(SolutionConfigurationPlatforms) = preSolution
		Debug|Any CPU = Debug|Any CPU
		Release|Any CPU = Release|Any CPU
	EndGlobalSection
	GlobalSection(ProjectConfigurationPlatforms) = postSolution
		{1BF411B2-8912-4DFC-8E01-802A6E16A942}.Debug|Any CPU.ActiveCfg = Debug|Any CPU
		{1BF411B2-8912-4DFC-8E01-802A6E16A942}.Debug|Any CPU.Build.0 = Debug|Any CPU
		{1BF411B2-8912-4DFC-8E01-802A6E16A942}.Release|Any CPU.ActiveCfg = Release|Any CPU
		{1BF411B2-8912-4DFC-8E01-802A6E16A942}.Release|Any CPU.Build.0 = Release|Any CPU
	EndGlobalSection
	GlobalSection(SolutionProperties) = preSolution
		HideSolutionNode = FALSE
	EndGlobalSection
	GlobalSection(ExtensibilityGlobals) = postSolution
		SolutionGuid = {CD3AE101-239A-4B0A-B942-1F4C8931EC34}
	EndGlobalSection
EndGlobal
